
Microsoft Visual Studio Solution File, Format Version 12.00
# Visual Studio Version 17
VisualStudioVersion = 17.1.31911.260
MinimumVisualStudioVersion = 10.0.40219.1
Project("{FAE04EC0-301F-11D3-BF4B-00C04F79EFBC}") = "Les5", "Les5\Les5.csproj", "{204B13B4-CFD1-4DB2-915C-BBA8BC54722F}"
EndProject
Project("{FAE04EC0-301F-11D3-BF4B-00C04F79EFBC}") = "Les5.Tests", "Les5.Tests\Les5.Tests.csproj", "{5C787E71-FFC7-48DD-84BC-7FB56FE5C54A}"
EndProject
Global
	GlobalSection(SolutionConfigurationPlatforms) = preSolution
		Debug|Any CPU = Debug|Any CPU
		Release|Any CPU = Release|Any CPU
	EndGlobalSection
	GlobalSection(ProjectConfigurationPlatforms) = postSolution
		{204B13B4-CFD1-4DB2-915C-BBA8BC54722F}.Debug|Any CPU.ActiveCfg = Debug|Any CPU
		{204B13B4-CFD1-4DB2-915C-BBA8BC54722F}.Debug|Any CPU.Build.0 = Debug|Any CPU
		{204B13B4-CFD1-4DB2-915C-BBA8BC54722F}.Release|Any CPU.ActiveCfg = Release|Any CPU
		{204B13B4-CFD1-4DB2-915C-BBA8BC54722F}.Release|Any CPU.Build.0 = Release|Any CPU
		{5C787E71-FFC7-48DD-84BC-7FB56FE5C54A}.Debug|Any CPU.ActiveCfg = Debug|Any CPU
		{5C787E71-FFC7-48DD-84BC-7FB56FE5C54A}.Debug|Any CPU.Build.0 = Debug|Any CPU
		{5C787E71-FFC7-48DD-84BC-7FB56FE5C54A}.Release|Any CPU.ActiveCfg = Release|Any CPU
		{5C787E71-FFC7-48DD-84BC-7FB56FE5C54A}.Release|Any CPU.Build.0 = Release|Any CPU
	EndGlobalSection
	GlobalSection(SolutionProperties) = preSolution
		HideSolutionNode = FALSE
	EndGlobalSection
	GlobalSection(ExtensibilityGlobals) = postSolution
		SolutionGuid = {117F16CF-4FCF-4807-B0F8-6561BE78FD71}
	EndGlobalSection
EndGlobal
