
Microsoft Visual Studio Solution File, Format Version 12.00
# Visual Studio Version 17
VisualStudioVersion = 17.1.31911.260
MinimumVisualStudioVersion = 10.0.40219.1
Project("{FAE04EC0-301F-11D3-BF4B-00C04F79EFBC}") = "Les3Ex1", "Les3Ex1\Les3Ex1.csproj", "{99B67263-7EA9-4413-9FE4-C61E9325CB7F}"
EndProject
Project("{FAE04EC0-301F-11D3-BF4B-00C04F79EFBC}") = "Les3Ex2", "Les3Ex2\Les3Ex2.csproj", "{86C9F051-858F-44F8-A758-FB2E0E3BF718}"
EndProject
Project("{FAE04EC0-301F-11D3-BF4B-00C04F79EFBC}") = "TestStringExtension", "TestStringExtension\TestStringExtension.csproj", "{C9B2C325-8FCA-4E98-A317-A3CDB4CE6EDB}"
EndProject
Project("{FAE04EC0-301F-11D3-BF4B-00C04F79EFBC}") = "Les3Ex3", "Les3Ex3\Les3Ex3.csproj", "{F9925B0A-A755-4017-AEEF-3BC5845EA646}"
EndProject
Global
	GlobalSection(SolutionConfigurationPlatforms) = preSolution
		Debug|Any CPU = Debug|Any CPU
		Release|Any CPU = Release|Any CPU
	EndGlobalSection
	GlobalSection(ProjectConfigurationPlatforms) = postSolution
		{99B67263-7EA9-4413-9FE4-C61E9325CB7F}.Debug|Any CPU.ActiveCfg = Debug|Any CPU
		{99B67263-7EA9-4413-9FE4-C61E9325CB7F}.Debug|Any CPU.Build.0 = Debug|Any CPU
		{99B67263-7EA9-4413-9FE4-C61E9325CB7F}.Release|Any CPU.ActiveCfg = Release|Any CPU
		{99B67263-7EA9-4413-9FE4-C61E9325CB7F}.Release|Any CPU.Build.0 = Release|Any CPU
		{86C9F051-858F-44F8-A758-FB2E0E3BF718}.Debug|Any CPU.ActiveCfg = Debug|Any CPU
		{86C9F051-858F-44F8-A758-FB2E0E3BF718}.Debug|Any CPU.Build.0 = Debug|Any CPU
		{86C9F051-858F-44F8-A758-FB2E0E3BF718}.Release|Any CPU.ActiveCfg = Release|Any CPU
		{86C9F051-858F-44F8-A758-FB2E0E3BF718}.Release|Any CPU.Build.0 = Release|Any CPU
		{C9B2C325-8FCA-4E98-A317-A3CDB4CE6EDB}.Debug|Any CPU.ActiveCfg = Debug|Any CPU
		{C9B2C325-8FCA-4E98-A317-A3CDB4CE6EDB}.Debug|Any CPU.Build.0 = Debug|Any CPU
		{C9B2C325-8FCA-4E98-A317-A3CDB4CE6EDB}.Release|Any CPU.ActiveCfg = Release|Any CPU
		{C9B2C325-8FCA-4E98-A317-A3CDB4CE6EDB}.Release|Any CPU.Build.0 = Release|Any CPU
		{F9925B0A-A755-4017-AEEF-3BC5845EA646}.Debug|Any CPU.ActiveCfg = Debug|Any CPU
		{F9925B0A-A755-4017-AEEF-3BC5845EA646}.Debug|Any CPU.Build.0 = Debug|Any CPU
		{F9925B0A-A755-4017-AEEF-3BC5845EA646}.Release|Any CPU.ActiveCfg = Release|Any CPU
		{F9925B0A-A755-4017-AEEF-3BC5845EA646}.Release|Any CPU.Build.0 = Release|Any CPU
	EndGlobalSection
	GlobalSection(SolutionProperties) = preSolution
		HideSolutionNode = FALSE
	EndGlobalSection
	GlobalSection(ExtensibilityGlobals) = postSolution
		SolutionGuid = {117F16CF-4FCF-4807-B0F8-6561BE78FD71}
	EndGlobalSection
EndGlobal
